
Microsoft Visual Studio Solution File, Format Version 10.00
# Visual Studio 2008
Project("{8BC9CEB8-8B4A-11D0-8D11-00A0C91BC942}") = "EngineTest", "EngineTest.vcproj", "{E8E5D076-E7F7-4F38-80BA-2BCAB8F89CF3}"
EndProject
Project("{8BC9CEB8-8B4A-11D0-8D11-00A0C91BC942}") = "YGEGame", "YGEGame.vcproj", "{C1EB6209-DDA8-404D-9983-1E1CF1C53703}"
EndProject
Project("{8BC9CEB8-8B4A-11D0-8D11-00A0C91BC942}") = "YGELib", "YGELib.vcproj", "{B34C1000-21FF-4AF4-B36D-7C9E6175D53A}"
EndProject
Project("{8BC9CEB8-8B4A-11D0-8D11-00A0C91BC942}") = "TestProject1", "TestProject1\TestProject1.vcproj", "{488B9F63-C7AD-4FC6-B972-2D1A979918FD}"
EndProject
Project("{2150E333-8FDC-42A3-9474-1A3956D46DE8}") = "Solution Items", "Solution Items", "{3A2EC3B8-D2D9-4271-A073-5549150CD7AF}"
	ProjectSection(SolutionItems) = preProject
		LocalTestRun.testrunconfig = LocalTestRun.testrunconfig
		YGEGame.vsmdi = YGEGame.vsmdi
	EndProjectSection
EndProject
Global
	GlobalSection(TestCaseManagementSettings) = postSolution
		CategoryFile = YGEGame.vsmdi
	EndGlobalSection
	GlobalSection(SolutionConfigurationPlatforms) = preSolution
		Debug|Win32 = Debug|Win32
		DebugDoubleDLL|Win32 = DebugDoubleDLL|Win32
		DebugDoubleLib|Win32 = DebugDoubleLib|Win32
		DebugSingleDLL|Win32 = DebugSingleDLL|Win32
		DebugSingleLib|Win32 = DebugSingleLib|Win32
		Release|Win32 = Release|Win32
		ReleaseDoubleDLL|Win32 = ReleaseDoubleDLL|Win32
		ReleaseDoubleLib|Win32 = ReleaseDoubleLib|Win32
		ReleaseSingleDLL|Win32 = ReleaseSingleDLL|Win32
		ReleaseSingleLib|Win32 = ReleaseSingleLib|Win32
	EndGlobalSection
	GlobalSection(ProjectConfigurationPlatforms) = postSolution
		{E8E5D076-E7F7-4F38-80BA-2BCAB8F89CF3}.Debug|Win32.ActiveCfg = Debug|Win32
		{E8E5D076-E7F7-4F38-80BA-2BCAB8F89CF3}.Debug|Win32.Build.0 = Debug|Win32
		{E8E5D076-E7F7-4F38-80BA-2BCAB8F89CF3}.DebugDoubleDLL|Win32.ActiveCfg = Debug|Win32
		{E8E5D076-E7F7-4F38-80BA-2BCAB8F89CF3}.DebugDoubleDLL|Win32.Build.0 = Debug|Win32
		{E8E5D076-E7F7-4F38-80BA-2BCAB8F89CF3}.DebugDoubleLib|Win32.ActiveCfg = Debug|Win32
		{E8E5D076-E7F7-4F38-80BA-2BCAB8F89CF3}.DebugDoubleLib|Win32.Build.0 = Debug|Win32
		{E8E5D076-E7F7-4F38-80BA-2BCAB8F89CF3}.DebugSingleDLL|Win32.ActiveCfg = Debug|Win32
		{E8E5D076-E7F7-4F38-80BA-2BCAB8F89CF3}.DebugSingleDLL|Win32.Build.0 = Debug|Win32
		{E8E5D076-E7F7-4F38-80BA-2BCAB8F89CF3}.DebugSingleLib|Win32.ActiveCfg = Debug|Win32
		{E8E5D076-E7F7-4F38-80BA-2BCAB8F89CF3}.DebugSingleLib|Win32.Build.0 = Debug|Win32
		{E8E5D076-E7F7-4F38-80BA-2BCAB8F89CF3}.Release|Win32.ActiveCfg = Release|Win32
		{E8E5D076-E7F7-4F38-80BA-2BCAB8F89CF3}.Release|Win32.Build.0 = Release|Win32
		{E8E5D076-E7F7-4F38-80BA-2BCAB8F89CF3}.ReleaseDoubleDLL|Win32.ActiveCfg = Release|Win32
		{E8E5D076-E7F7-4F38-80BA-2BCAB8F89CF3}.ReleaseDoubleDLL|Win32.Build.0 = Release|Win32
		{E8E5D076-E7F7-4F38-80BA-2BCAB8F89CF3}.ReleaseDoubleLib|Win32.ActiveCfg = Release|Win32
		{E8E5D076-E7F7-4F38-80BA-2BCAB8F89CF3}.ReleaseDoubleLib|Win32.Build.0 = Release|Win32
		{E8E5D076-E7F7-4F38-80BA-2BCAB8F89CF3}.ReleaseSingleDLL|Win32.ActiveCfg = Release|Win32
		{E8E5D076-E7F7-4F38-80BA-2BCAB8F89CF3}.ReleaseSingleDLL|Win32.Build.0 = Release|Win32
		{E8E5D076-E7F7-4F38-80BA-2BCAB8F89CF3}.ReleaseSingleLib|Win32.ActiveCfg = Release|Win32
		{E8E5D076-E7F7-4F38-80BA-2BCAB8F89CF3}.ReleaseSingleLib|Win32.Build.0 = Release|Win32
		{C1EB6209-DDA8-404D-9983-1E1CF1C53703}.Debug|Win32.ActiveCfg = Debug|Win32
		{C1EB6209-DDA8-404D-9983-1E1CF1C53703}.Debug|Win32.Build.0 = Debug|Win32
		{C1EB6209-DDA8-404D-9983-1E1CF1C53703}.DebugDoubleDLL|Win32.ActiveCfg = Debug|Win32
		{C1EB6209-DDA8-404D-9983-1E1CF1C53703}.DebugDoubleDLL|Win32.Build.0 = Debug|Win32
		{C1EB6209-DDA8-404D-9983-1E1CF1C53703}.DebugDoubleLib|Win32.ActiveCfg = Debug|Win32
		{C1EB6209-DDA8-404D-9983-1E1CF1C53703}.DebugDoubleLib|Win32.Build.0 = Debug|Win32
		{C1EB6209-DDA8-404D-9983-1E1CF1C53703}.DebugSingleDLL|Win32.ActiveCfg = Debug|Win32
		{C1EB6209-DDA8-404D-9983-1E1CF1C53703}.DebugSingleDLL|Win32.Build.0 = Debug|Win32
		{C1EB6209-DDA8-404D-9983-1E1CF1C53703}.DebugSingleLib|Win32.ActiveCfg = Debug|Win32
		{C1EB6209-DDA8-404D-9983-1E1CF1C53703}.DebugSingleLib|Win32.Build.0 = Debug|Win32
		{C1EB6209-DDA8-404D-9983-1E1CF1C53703}.Release|Win32.ActiveCfg = Release|Win32
		{C1EB6209-DDA8-404D-9983-1E1CF1C53703}.Release|Win32.Build.0 = Release|Win32
		{C1EB6209-DDA8-404D-9983-1E1CF1C53703}.ReleaseDoubleDLL|Win32.ActiveCfg = Release|Win32
		{C1EB6209-DDA8-404D-9983-1E1CF1C53703}.ReleaseDoubleDLL|Win32.Build.0 = Release|Win32
		{C1EB6209-DDA8-404D-9983-1E1CF1C53703}.ReleaseDoubleLib|Win32.ActiveCfg = Release|Win32
		{C1EB6209-DDA8-404D-9983-1E1CF1C53703}.ReleaseDoubleLib|Win32.Build.0 = Release|Win32
		{C1EB6209-DDA8-404D-9983-1E1CF1C53703}.ReleaseSingleDLL|Win32.ActiveCfg = Release|Win32
		{C1EB6209-DDA8-404D-9983-1E1CF1C53703}.ReleaseSingleDLL|Win32.Build.0 = Release|Win32
		{C1EB6209-DDA8-404D-9983-1E1CF1C53703}.ReleaseSingleLib|Win32.ActiveCfg = Release|Win32
		{C1EB6209-DDA8-404D-9983-1E1CF1C53703}.ReleaseSingleLib|Win32.Build.0 = Release|Win32
		{B34C1000-21FF-4AF4-B36D-7C9E6175D53A}.Debug|Win32.ActiveCfg = Debug|Win32
		{B34C1000-21FF-4AF4-B36D-7C9E6175D53A}.Debug|Win32.Build.0 = Debug|Win32
		{B34C1000-21FF-4AF4-B36D-7C9E6175D53A}.DebugDoubleDLL|Win32.ActiveCfg = Debug|Win32
		{B34C1000-21FF-4AF4-B36D-7C9E6175D53A}.DebugDoubleDLL|Win32.Build.0 = Debug|Win32
		{B34C1000-21FF-4AF4-B36D-7C9E6175D53A}.DebugDoubleLib|Win32.ActiveCfg = Debug|Win32
		{B34C1000-21FF-4AF4-B36D-7C9E6175D53A}.DebugDoubleLib|Win32.Build.0 = Debug|Win32
		{B34C1000-21FF-4AF4-B36D-7C9E6175D53A}.DebugSingleDLL|Win32.ActiveCfg = Debug|Win32
		{B34C1000-21FF-4AF4-B36D-7C9E6175D53A}.DebugSingleDLL|Win32.Build.0 = Debug|Win32
		{B34C1000-21FF-4AF4-B36D-7C9E6175D53A}.DebugSingleLib|Win32.ActiveCfg = Debug|Win32
		{B34C1000-21FF-4AF4-B36D-7C9E6175D53A}.DebugSingleLib|Win32.Build.0 = Debug|Win32
		{B34C1000-21FF-4AF4-B36D-7C9E6175D53A}.Release|Win32.ActiveCfg = Release|Win32
		{B34C1000-21FF-4AF4-B36D-7C9E6175D53A}.Release|Win32.Build.0 = Release|Win32
		{B34C1000-21FF-4AF4-B36D-7C9E6175D53A}.ReleaseDoubleDLL|Win32.ActiveCfg = Release|Win32
		{B34C1000-21FF-4AF4-B36D-7C9E6175D53A}.ReleaseDoubleDLL|Win32.Build.0 = Release|Win32
		{B34C1000-21FF-4AF4-B36D-7C9E6175D53A}.ReleaseDoubleLib|Win32.ActiveCfg = Release|Win32
		{B34C1000-21FF-4AF4-B36D-7C9E6175D53A}.ReleaseDoubleLib|Win32.Build.0 = Release|Win32
		{B34C1000-21FF-4AF4-B36D-7C9E6175D53A}.ReleaseSingleDLL|Win32.ActiveCfg = Release|Win32
		{B34C1000-21FF-4AF4-B36D-7C9E6175D53A}.ReleaseSingleDLL|Win32.Build.0 = Release|Win32
		{B34C1000-21FF-4AF4-B36D-7C9E6175D53A}.ReleaseSingleLib|Win32.ActiveCfg = Release|Win32
		{B34C1000-21FF-4AF4-B36D-7C9E6175D53A}.ReleaseSingleLib|Win32.Build.0 = Release|Win32
		{488B9F63-C7AD-4FC6-B972-2D1A979918FD}.Debug|Win32.ActiveCfg = Debug|Win32
		{488B9F63-C7AD-4FC6-B972-2D1A979918FD}.Debug|Win32.Build.0 = Debug|Win32
		{488B9F63-C7AD-4FC6-B972-2D1A979918FD}.DebugDoubleDLL|Win32.ActiveCfg = Debug|Win32
		{488B9F63-C7AD-4FC6-B972-2D1A979918FD}.DebugDoubleDLL|Win32.Build.0 = Debug|Win32
		{488B9F63-C7AD-4FC6-B972-2D1A979918FD}.DebugDoubleLib|Win32.ActiveCfg = Debug|Win32
		{488B9F63-C7AD-4FC6-B972-2D1A979918FD}.DebugDoubleLib|Win32.Build.0 = Debug|Win32
		{488B9F63-C7AD-4FC6-B972-2D1A979918FD}.DebugSingleDLL|Win32.ActiveCfg = Debug|Win32
		{488B9F63-C7AD-4FC6-B972-2D1A979918FD}.DebugSingleDLL|Win32.Build.0 = Debug|Win32
		{488B9F63-C7AD-4FC6-B972-2D1A979918FD}.DebugSingleLib|Win32.ActiveCfg = Debug|Win32
		{488B9F63-C7AD-4FC6-B972-2D1A979918FD}.DebugSingleLib|Win32.Build.0 = Debug|Win32
		{488B9F63-C7AD-4FC6-B972-2D1A979918FD}.Release|Win32.ActiveCfg = Release|Win32
		{488B9F63-C7AD-4FC6-B972-2D1A979918FD}.Release|Win32.Build.0 = Release|Win32
		{488B9F63-C7AD-4FC6-B972-2D1A979918FD}.ReleaseDoubleDLL|Win32.ActiveCfg = Release|Win32
		{488B9F63-C7AD-4FC6-B972-2D1A979918FD}.ReleaseDoubleDLL|Win32.Build.0 = Release|Win32
		{488B9F63-C7AD-4FC6-B972-2D1A979918FD}.ReleaseDoubleLib|Win32.ActiveCfg = Release|Win32
		{488B9F63-C7AD-4FC6-B972-2D1A979918FD}.ReleaseDoubleLib|Win32.Build.0 = Release|Win32
		{488B9F63-C7AD-4FC6-B972-2D1A979918FD}.ReleaseSingleDLL|Win32.ActiveCfg = Release|Win32
		{488B9F63-C7AD-4FC6-B972-2D1A979918FD}.ReleaseSingleDLL|Win32.Build.0 = Release|Win32
		{488B9F63-C7AD-4FC6-B972-2D1A979918FD}.ReleaseSingleLib|Win32.ActiveCfg = Release|Win32
		{488B9F63-C7AD-4FC6-B972-2D1A979918FD}.ReleaseSingleLib|Win32.Build.0 = Release|Win32
	EndGlobalSection
	GlobalSection(SolutionProperties) = preSolution
		HideSolutionNode = FALSE
	EndGlobalSection
EndGlobal
